// !$*UTF8*$!
{
	archiveVersion = 1;
	classes = {
	};
	objectVersion = 48;
	objects = {

/* Begin PBXBuildFile section */
		8E4ED8EF2003EBDC001B01AE /* AppDelegate.swift in Sources */ = {isa = PBXBuildFile; fileRef = 8E4ED8EE2003EBDC001B01AE /* AppDelegate.swift */; };
		8E4ED8F22003EBDC001B01AE /* PithySayings.xcdatamodeld in Sources */ = {isa = PBXBuildFile; fileRef = 8E4ED8F02003EBDC001B01AE /* PithySayings.xcdatamodeld */; };
		8E4ED8F42003EBDC001B01AE /* MasterViewController.swift in Sources */ = {isa = PBXBuildFile; fileRef = 8E4ED8F32003EBDC001B01AE /* MasterViewController.swift */; };
		8E4ED8F62003EBDC001B01AE /* DetailViewController.swift in Sources */ = {isa = PBXBuildFile; fileRef = 8E4ED8F52003EBDC001B01AE /* DetailViewController.swift */; };
		8E4ED8F92003EBDC001B01AE /* Main.storyboard in Resources */ = {isa = PBXBuildFile; fileRef = 8E4ED8F72003EBDC001B01AE /* Main.storyboard */; };
		8E4ED8FB2003EBDC001B01AE /* Assets.xcassets in Resources */ = {isa = PBXBuildFile; fileRef = 8E4ED8FA2003EBDC001B01AE /* Assets.xcassets */; };
		8E4ED8FE2003EBDC001B01AE /* LaunchScreen.storyboard in Resources */ = {isa = PBXBuildFile; fileRef = 8E4ED8FC2003EBDC001B01AE /* LaunchScreen.storyboard */; };
		8E4ED9062003EF65001B01AE /* fortune.plist in Resources */ = {isa = PBXBuildFile; fileRef = 8E4ED9052003EF65001B01AE /* fortune.plist */; };
		8EE1962C2007ECC6007EC0A5 /* fortune.json in Resources */ = {isa = PBXBuildFile; fileRef = 8EE1962B2007ECC6007EC0A5 /* fortune.json */; };
/* End PBXBuildFile section */

/* Begin PBXFileReference section */
		8E4ED8EB2003EBDC001B01AE /* PithySayings.app */ = {isa = PBXFileReference; explicitFileType = wrapper.application; includeInIndex = 0; path = PithySayings.app; sourceTree = BUILT_PRODUCTS_DIR; };
		8E4ED8EE2003EBDC001B01AE /* AppDelegate.swift */ = {isa = PBXFileReference; lastKnownFileType = sourcecode.swift; path = AppDelegate.swift; sourceTree = "<group>"; };
		8E4ED8F12003EBDC001B01AE /* PithySayings.xcdatamodel */ = {isa = PBXFileReference; lastKnownFileType = wrapper.xcdatamodel; path = PithySayings.xcdatamodel; sourceTree = "<group>"; };
		8E4ED8F32003EBDC001B01AE /* MasterViewController.swift */ = {isa = PBXFileReference; lastKnownFileType = sourcecode.swift; path = MasterViewController.swift; sourceTree = "<group>"; };
		8E4ED8F52003EBDC001B01AE /* DetailViewController.swift */ = {isa = PBXFileReference; lastKnownFileType = sourcecode.swift; path = DetailViewController.swift; sourceTree = "<group>"; };
		8E4ED8F82003EBDC001B01AE /* Base */ = {isa = PBXFileReference; lastKnownFileType = file.storyboard; name = Base; path = Base.lproj/Main.storyboard; sourceTree = "<group>"; };
		8E4ED8FA2003EBDC001B01AE /* Assets.xcassets */ = {isa = PBXFileReference; lastKnownFileType = folder.assetcatalog; path = Assets.xcassets; sourceTree = "<group>"; };
		8E4ED8FD2003EBDC001B01AE /* Base */ = {isa = PBXFileReference; lastKnownFileType = file.storyboard; name = Base; path = Base.lproj/LaunchScreen.storyboard; sourceTree = "<group>"; };
		8E4ED8FF2003EBDC001B01AE /* Info.plist */ = {isa = PBXFileReference; lastKnownFileType = text.plist.xml; path = Info.plist; sourceTree = "<group>"; };
		8E4ED9052003EF65001B01AE /* fortune.plist */ = {isa = PBXFileReference; lastKnownFileType = text.plist.xml; path = fortune.plist; sourceTree = "<group>"; };
		8EE1962B2007ECC6007EC0A5 /* fortune.json */ = {isa = PBXFileReference; fileEncoding = 4; lastKnownFileType = text.json; path = fortune.json; sourceTree = "<group>"; };
/* End PBXFileReference section */

/* Begin PBXFrameworksBuildPhase section */
		8E4ED8E82003EBDC001B01AE /* Frameworks */ = {
			isa = PBXFrameworksBuildPhase;
			buildActionMask = 2147483647;
			files = (
			);
			runOnlyForDeploymentPostprocessing = 0;
		};
/* End PBXFrameworksBuildPhase section */

/* Begin PBXGroup section */
		8E4ED8E22003EBDC001B01AE = {
			isa = PBXGroup;
			children = (
				8E4ED8ED2003EBDC001B01AE /* PithySayings */,
				8E4ED8EC2003EBDC001B01AE /* Products */,
			);
			sourceTree = "<group>";
		};
		8E4ED8EC2003EBDC001B01AE /* Products */ = {
			isa = PBXGroup;
			children = (
				8E4ED8EB2003EBDC001B01AE /* PithySayings.app */,
			);
			name = Products;
			sourceTree = "<group>";
		};
		8E4ED8ED2003EBDC001B01AE /* PithySayings */ = {
			isa = PBXGroup;
			children = (
				8EE1962B2007ECC6007EC0A5 /* fortune.json */,
				8E4ED8EE2003EBDC001B01AE /* AppDelegate.swift */,
				8E4ED8F32003EBDC001B01AE /* MasterViewController.swift */,
				8E4ED8F52003EBDC001B01AE /* DetailViewController.swift */,
				8E4ED8F72003EBDC001B01AE /* Main.storyboard */,
				8E4ED8FA2003EBDC001B01AE /* Assets.xcassets */,
				8E4ED8FC2003EBDC001B01AE /* LaunchScreen.storyboard */,
				8E4ED8FF2003EBDC001B01AE /* Info.plist */,
				8E4ED8F02003EBDC001B01AE /* PithySayings.xcdatamodeld */,
				8E4ED9052003EF65001B01AE /* fortune.plist */,
			);
			path = PithySayings;
			sourceTree = "<group>";
		};
/* End PBXGroup section */

/* Begin PBXNativeTarget section */
		8E4ED8EA2003EBDC001B01AE /* PithySayings */ = {
			isa = PBXNativeTarget;
			buildConfigurationList = 8E4ED9022003EBDC001B01AE /* Build configuration list for PBXNativeTarget "PithySayings" */;
			buildPhases = (
				8E4ED8E72003EBDC001B01AE /* Sources */,
				8E4ED8E82003EBDC001B01AE /* Frameworks */,
				8E4ED8E92003EBDC001B01AE /* Resources */,
			);
			buildRules = (
			);
			dependencies = (
			);
			name = PithySayings;
			productName = PithySayings;
			productReference = 8E4ED8EB2003EBDC001B01AE /* PithySayings.app */;
			productType = "com.apple.product-type.application";
		};
/* End PBXNativeTarget section */

/* Begin PBXProject section */
		8E4ED8E32003EBDC001B01AE /* Project object */ = {
			isa = PBXProject;
			attributes = {
				LastSwiftUpdateCheck = 0920;
				LastUpgradeCheck = 0920;
				ORGANIZATIONNAME = "Arthur Nsereko Kahwa";
				TargetAttributes = {
					8E4ED8EA2003EBDC001B01AE = {
						CreatedOnToolsVersion = 9.2;
						ProvisioningStyle = Automatic;
					};
				};
			};
			buildConfigurationList = 8E4ED8E62003EBDC001B01AE /* Build configuration list for PBXProject "PithySayings" */;
			compatibilityVersion = "Xcode 8.0";
			developmentRegion = en;
			hasScannedForEncodings = 0;
			knownRegions = (
				en,
				Base,
			);
			mainGroup = 8E4ED8E22003EBDC001B01AE;
			productRefGroup = 8E4ED8EC2003EBDC001B01AE /* Products */;
			projectDirPath = "";
			projectRoot = "";
			targets = (
				8E4ED8EA2003EBDC001B01AE /* PithySayings */,
			);
		};
/* End PBXProject section */

/* Begin PBXResourcesBuildPhase section */
		8E4ED8E92003EBDC001B01AE /* Resources */ = {
			isa = PBXResourcesBuildPhase;
			buildActionMask = 2147483647;
			files = (
				8E4ED8FE2003EBDC001B01AE /* LaunchScreen.storyboard in Resources */,
				8E4ED8FB2003EBDC001B01AE /* Assets.xcassets in Resources */,
				8EE1962C2007ECC6007EC0A5 /* fortune.json in Resources */,
				8E4ED9062003EF65001B01AE /* fortune.plist in Resources */,
				8E4ED8F92003EBDC001B01AE /* Main.storyboard in Resources */,
			);
			runOnlyForDeploymentPostprocessing = 0;
		};
/* End PBXResourcesBuildPhase section */

/* Begin PBXSourcesBuildPhase section */
		8E4ED8E72003EBDC001B01AE /* Sources */ = {
			isa = PBXSourcesBuildPhase;
			buildActionMask = 2147483647;
			files = (
				8E4ED8EF2003EBDC001B01AE /* AppDelegate.swift in Sources */,
				8E4ED8F22003EBDC001B01AE /* PithySayings.xcdatamodeld in Sources */,
				8E4ED8F42003EBDC001B01AE /* MasterViewController.swift in Sources */,
				8E4ED8F62003EBDC001B01AE /* DetailViewController.swift in Sources */,
			);
			runOnlyForDeploymentPostprocessing = 0;
		};
/* End PBXSourcesBuildPhase section */

/* Begin PBXVariantGroup section */
		8E4ED8F72003EBDC001B01AE /* Main.storyboard */ = {
			isa = PBXVariantGroup;
			children = (
				8E4ED8F82003EBDC001B01AE /* Base */,
			);
			name = Main.storyboard;
			sourceTree = "<group>";
		};
		8E4ED8FC2003EBDC001B01AE /* LaunchScreen.storyboard */ = {
			isa = PBXVariantGroup;
			children = (
				8E4ED8FD2003EBDC001B01AE /* Base */,
			);
			name = LaunchScreen.storyboard;
			sourceTree = "<group>";
		};
/* End PBXVariantGroup section */

/* Begin XCBuildConfiguration section */
		8E4ED9002003EBDC001B01AE /* Debug */ = {
			isa = XCBuildConfiguration;
			buildSettings = {
				ALWAYS_SEARCH_USER_PATHS = NO;
				CLANG_ANALYZER_NONNULL = YES;
				CLANG_ANALYZER_NUMBER_OBJECT_CONVERSION = YES_AGGRESSIVE;
				CLANG_CXX_LANGUAGE_STANDARD = "gnu++14";
				CLANG_CXX_LIBRARY = "libc++";
				CLANG_ENABLE_MODULES = YES;
				CLANG_ENABLE_OBJC_ARC = YES;
				CLANG_WARN_BLOCK_CAPTURE_AUTORELEASING = YES;
				CLANG_WARN_BOOL_CONVERSION = YES;
				CLANG_WARN_COMMA = YES;
				CLANG_WARN_CONSTANT_CONVERSION = YES;
				CLANG_WARN_DIRECT_OBJC_ISA_USAGE = YES_ERROR;
				CLANG_WARN_DOCUMENTATION_COMMENTS = YES;
				CLANG_WARN_EMPTY_BODY = YES;
				CLANG_WARN_ENUM_CONVERSION = YES;
				CLANG_WARN_INFINITE_RECURSION = YES;
				CLANG_WARN_INT_CONVERSION = YES;
				CLANG_WARN_NON_LITERAL_NULL_CONVERSION = YES;
				CLANG_WARN_OBJC_LITERAL_CONVERSION = YES;
				CLANG_WARN_OBJC_ROOT_CLASS = YES_ERROR;
				CLANG_WARN_RANGE_LOOP_ANALYSIS = YES;
				CLANG_WARN_STRICT_PROTOTYPES = YES;
				CLANG_WARN_SUSPICIOUS_MOVE = YES;
				CLANG_WARN_UNGUARDED_AVAILABILITY = YES_AGGRESSIVE;
				CLANG_WARN_UNREACHABLE_CODE = YES;
				CLANG_WARN__DUPLICATE_METHOD_MATCH = YES;
				CODE_SIGN_IDENTITY = "iPhone Developer";
				COPY_PHASE_STRIP = NO;
				DEBUG_INFORMATION_FORMAT = dwarf;
				ENABLE_STRICT_OBJC_MSGSEND = YES;
				ENABLE_TESTABILITY = YES;
				GCC_C_LANGUAGE_STANDARD = gnu11;
				GCC_DYNAMIC_NO_PIC = NO;
				GCC_NO_COMMON_BLOCKS = YES;
				GCC_OPTIMIZATION_LEVEL = 0;
				GCC_PREPROCESSOR_DEFINITIONS = (
					"DEBUG=1",
					"$(inherited)",
				);
				GCC_WARN_64_TO_32_BIT_CONVERSION = YES;
				GCC_WARN_ABOUT_RETURN_TYPE = YES_ERROR;
				GCC_WARN_UNDECLARED_SELECTOR = YES;
				GCC_WARN_UNINITIALIZED_AUTOS = YES_AGGRESSIVE;
				GCC_WARN_UNUSED_FUNCTION = YES;
				GCC_WARN_UNUSED_VARIABLE = YES;
				IPHONEOS_DEPLOYMENT_TARGET = 11.2;
				MTL_ENABLE_DEBUG_INFO = YES;
				ONLY_ACTIVE_ARCH = YES;
				SDKROOT = iphoneos;
				SWIFT_ACTIVE_COMPILATION_CONDITIONS = DEBUG;
				SWIFT_OPTIMIZATION_LEVEL = "-Onone";
			};
			name = Debug;
		};
		8E4ED9012003EBDC001B01AE /* Release */ = {
			isa = XCBuildConfiguration;
			buildSettings = {
				ALWAYS_SEARCH_USER_PATHS = NO;
				CLANG_ANALYZER_NONNULL = YES;
				CLANG_ANALYZER_NUMBER_OBJECT_CONVERSION = YES_AGGRESSIVE;
				CLANG_CXX_LANGUAGE_STANDARD = "gnu++14";
				CLANG_CXX_LIBRARY = "libc++";
				CLANG_ENABLE_MODULES = YES;
				CLANG_ENABLE_OBJC_ARC = YES;
				CLANG_WARN_BLOCK_CAPTURE_AUTORELEASING = YES;
				CLANG_WARN_BOOL_CONVERSION = YES;
				CLANG_WARN_COMMA = YES;
				CLANG_WARN_CONSTANT_CONVERSION = YES;
				CLANG_WARN_DIRECT_OBJC_ISA_USAGE = YES_ERROR;
				CLANG_WARN_DOCUMENTATION_COMMENTS = YES;
				CLANG_WARN_EMPTY_BODY = YES;
				CLANG_WARN_ENUM_CONVERSION = YES;
				CLANG_WARN_INFINITE_RECURSION = YES;
				CLANG_WARN_INT_CONVERSION = YES;
				CLANG_WARN_NON_LITERAL_NULL_CONVERSION = YES;
				CLANG_WARN_OBJC_LITERAL_CONVERSION = YES;
				CLANG_WARN_OBJC_ROOT_CLASS = YES_ERROR;
				CLANG_WARN_RANGE_LOOP_ANALYSIS = YES;
				CLANG_WARN_STRICT_PROTOTYPES = YES;
				CLANG_WARN_SUSPICIOUS_MOVE = YES;
				CLANG_WARN_UNGUARDED_AVAILABILITY = YES_AGGRESSIVE;
				CLANG_WARN_UNREACHABLE_CODE = YES;
				CLANG_WARN__DUPLICATE_METHOD_MATCH = YES;
				CODE_SIGN_IDENTITY = "iPhone Developer";
				COPY_PHASE_STRIP = NO;
				DEBUG_INFORMATION_FORMAT = "dwarf-with-dsym";
				ENABLE_NS_ASSERTIONS = NO;
				ENABLE_STRICT_OBJC_MSGSEND = YES;
				GCC_C_LANGUAGE_STANDARD = gnu11;
				GCC_NO_COMMON_BLOCKS = YES;
				GCC_WARN_64_TO_32_BIT_CONVERSION = YES;
				GCC_WARN_ABOUT_RETURN_TYPE = YES_ERROR;
				GCC_WARN_UNDECLARED_SELECTOR = YES;
				GCC_WARN_UNINITIALIZED_AUTOS = YES_AGGRESSIVE;
				GCC_WARN_UNUSED_FUNCTION = YES;
				GCC_WARN_UNUSED_VARIABLE = YES;
				IPHONEOS_DEPLOYMENT_TARGET = 11.2;
				MTL_ENABLE_DEBUG_INFO = NO;
				SDKROOT = iphoneos;
				SWIFT_OPTIMIZATION_LEVEL = "-Owholemodule";
				VALIDATE_PRODUCT = YES;
			};
			name = Release;
		};
		8E4ED9032003EBDC001B01AE /* Debug */ = {
			isa = XCBuildConfiguration;
			buildSettings = {
				ASSETCATALOG_COMPILER_APPICON_NAME = AppIcon;
				CODE_SIGN_STYLE = Automatic;
				DEVELOPMENT_TEAM = 7X8WVYDFHZ;
				INFOPLIST_FILE = PithySayings/Info.plist;
				LD_RUNPATH_SEARCH_PATHS = "$(inherited) @executable_path/Frameworks";
				PRODUCT_BUNDLE_IDENTIFIER = CSM.PithySayings;
				PRODUCT_NAME = "$(TARGET_NAME)";
				SWIFT_VERSION = 4.0;
				TARGETED_DEVICE_FAMILY = "1,2";
			};
			name = Debug;
		};
		8E4ED9042003EBDC001B01AE /* Release */ = {
			isa = XCBuildConfiguration;
			buildSettings = {
				ASSETCATALOG_COMPILER_APPICON_NAME = AppIcon;
				CODE_SIGN_STYLE = Automatic;
				DEVELOPMENT_TEAM = 7X8WVYDFHZ;
				INFOPLIST_FILE = PithySayings/Info.plist;
				LD_RUNPATH_SEARCH_PATHS = "$(inherited) @executable_path/Frameworks";
				PRODUCT_BUNDLE_IDENTIFIER = CSM.PithySayings;
				PRODUCT_NAME = "$(TARGET_NAME)";
				SWIFT_VERSION = 4.0;
				TARGETED_DEVICE_FAMILY = "1,2";
			};
			name = Release;
		};
/* End XCBuildConfiguration section */

/* Begin XCConfigurationList section */
		8E4ED8E62003EBDC001B01AE /* Build configuration list for PBXProject "PithySayings" */ = {
			isa = XCConfigurationList;
			buildConfigurations = (
				8E4ED9002003EBDC001B01AE /* Debug */,
				8E4ED9012003EBDC001B01AE /* Release */,
			);
			defaultConfigurationIsVisible = 0;
			defaultConfigurationName = Release;
		};
		8E4ED9022003EBDC001B01AE /* Build configuration list for PBXNativeTarget "PithySayings" */ = {
			isa = XCConfigurationList;
			buildConfigurations = (
				8E4ED9032003EBDC001B01AE /* Debug */,
				8E4ED9042003EBDC001B01AE /* Release */,
			);
			defaultConfigurationIsVisible = 0;
			defaultConfigurationName = Release;
		};
/* End XCConfigurationList section */

/* Begin XCVersionGroup section */
		8E4ED8F02003EBDC001B01AE /* PithySayings.xcdatamodeld */ = {
			isa = XCVersionGroup;
			children = (
				8E4ED8F12003EBDC001B01AE /* PithySayings.xcdatamodel */,
			);
			currentVersion = 8E4ED8F12003EBDC001B01AE /* PithySayings.xcdatamodel */;
			path = PithySayings.xcdatamodeld;
			sourceTree = "<group>";
			versionGroupType = wrapper.xcdatamodel;
		};
/* End XCVersionGroup section */
	};
	rootObject = 8E4ED8E32003EBDC001B01AE /* Project object */;
}
